
Microsoft Visual Studio Solution File, Format Version 12.00
# Visual Studio Version 16
VisualStudioVersion = 16.0.31112.23
MinimumVisualStudioVersion = 10.0.40219.1
Project("{FAE04EC0-301F-11D3-BF4B-00C04F79EFBC}") = "GeAppChattingHub", "GeAppChattingHub\GeAppChattingHub.csproj", "{041CBD37-7361-4E83-A3D6-2B89A7FC09B1}"
EndProject
Global
	GlobalSection(SolutionConfigurationPlatforms) = preSolution
		Debug|Any CPU = Debug|Any CPU
		Release|Any CPU = Release|Any CPU
	EndGlobalSection
	GlobalSection(ProjectConfigurationPlatforms) = postSolution
		{041CBD37-7361-4E83-A3D6-2B89A7FC09B1}.Debug|Any CPU.ActiveCfg = Debug|Any CPU
		{041CBD37-7361-4E83-A3D6-2B89A7FC09B1}.Debug|Any CPU.Build.0 = Debug|Any CPU
		{041CBD37-7361-4E83-A3D6-2B89A7FC09B1}.Release|Any CPU.ActiveCfg = Release|Any CPU
		{041CBD37-7361-4E83-A3D6-2B89A7FC09B1}.Release|Any CPU.Build.0 = Release|Any CPU
	EndGlobalSection
	GlobalSection(SolutionProperties) = preSolution
		HideSolutionNode = FALSE
	EndGlobalSection
	GlobalSection(ExtensibilityGlobals) = postSolution
		SolutionGuid = {095A7D59-82E8-469E-9B03-0C2C52A96978}
	EndGlobalSection
EndGlobal
